anyio==4.13.0
ast_serialize==0.5.0
certifi==2026.5.20
cfgv==3.5.0
click==8.4.1
coverage==7.14.1
distlib==0.4.2
filelock==3.29.1
h11==0.16.0
httpcore==1.0.9
httpx==0.28.1
identify==2.6.19
idna==3.18
iniconfig==2.3.0
librt==0.11.0
mypy==2.1.0
mypy_extensions==1.1.0
nodeenv==1.10.0
numpy==2.4.6
packaging==26.2
pandas==3.0.3
pandas-stubs==3.0.3.260530
pathspec==1.1.1
platformdirs==4.10.0
pluggy==1.6.0
pre_commit==4.6.0
pyarrow==24.0.0
Pygments==2.20.0
pytest==9.0.3
pytest-cov==7.1.0
python-dateutil==2.9.0.post0
python-discovery==1.4.0
PyYAML==6.0.3
ruff==0.15.16
six==1.17.0
typing_extensions==4.15.0
virtualenv==21.4.2
